<?xml version="1.0" encoding="utf-8"?>
<Project ToolsVersion="4.0" xmlns="http://schemas.microsoft.com/developer/msbuild/2003">
  <ItemGroup>
    <Filter Include="Source Files">
      <UniqueIdentifier>{4FC737F1-C7A5-4376-A066-2A32D752A2FF}</UniqueIdentifier>
      <Extensions>cpp;c;cc;cxx;c++;cppm;ixx;def;odl;idl;hpj;bat;asm;asmx</Extensions>
    </Filter>
    <Filter Include="Header Files">
      <UniqueIdentifier>{93995380-89BD-4b04-88EB-625FBE52EBFB}</UniqueIdentifier>
      <Extensions>h;hh;hpp;hxx;h++;hm;inl;inc;ipp;xsd</Extensions>
    </Filter>
    <Filter Include="Resource Files">
      <UniqueIdentifier>{67DA6AB6-F800-4c08-8B7A-83BB121AAD01}</UniqueIdentifier>
      <Extensions>rc;ico;cur;bmp;dlg;rc2;rct;bin;rgs;gif;jpg;jpeg;jpe;resx;tiff;tif;png;wav;mfcribbon-ms</Extensions>
    </Filter>
  </ItemGroup>
  <ItemGroup>
    <ClCompile Include="SndCtrlTest.cpp">
      <Filter>Source Files</Filter>
    </ClCompile>
    <ClCompile Include="..\SndCtrl\AudioDevice.cpp">
      <Filter>Source Files</Filter>
    </ClCompile>
    <ClCompile Include="..\SndCtrl\AudioSession.cpp">
      <Filter>Source Files</Filter>
    </ClCompile>
    <ClCompile Include="..\SndCtrl\dllmain.cpp">
      <Filter>Source Files</Filter>
    </ClCompile>
    <ClCompile Include="..\SndCtrl\helpers.cpp">
      <Filter>Source Files</Filter>
    </ClCompile>
    <ClCompile Include="..\SndCtrl\Listeners.cpp">
      <Filter>Source Files</Filter>
    </ClCompile>
    <ClCompile Include="..\SndCtrl\pch.cpp">
      <Filter>Source Files</Filter>
    </ClCompile>
    <ClCompile Include="..\SndCtrl\sndctrl.cpp">
      <Filter>Source Files</Filter>
    </ClCompile>
    <ClCompile Include="..\SndCtrl\JniCaller.cpp">
      <Filter>Source Files</Filter>
    </ClCompile>
    <ClCompile Include="..\SndCtrl\FocusListener.cpp">
      <Filter>Source Files</Filter>
    </ClCompile>
    <ClCompile Include="..\SndCtrl\com_getpcpanel_cpp_windows_SndCtrlNative.cpp">
      <Filter>Source Files</Filter>
    </ClCompile>
  </ItemGroup>
  <ItemGroup>
    <ClInclude Include="..\SndCtrl\AudioDevice.h">
      <Filter>Header Files</Filter>
    </ClInclude>
    <ClInclude Include="..\SndCtrl\AudioSession.h">
      <Filter>Header Files</Filter>
    </ClInclude>
    <ClInclude Include="..\SndCtrl\framework.h">
      <Filter>Header Files</Filter>
    </ClInclude>
    <ClInclude Include="..\SndCtrl\helpers.h">
      <Filter>Header Files</Filter>
    </ClInclude>
    <ClInclude Include="..\SndCtrl\Listeners.h">
      <Filter>Header Files</Filter>
    </ClInclude>
    <ClInclude Include="..\SndCtrl\pch.h">
      <Filter>Header Files</Filter>
    </ClInclude>
    <ClInclude Include="..\SndCtrl\policyconfig.h">
      <Filter>Header Files</Filter>
    </ClInclude>
    <ClInclude Include="..\SndCtrl\JniCaller.h">
      <Filter>Header Files</Filter>
    </ClInclude>
    <ClInclude Include="..\SndCtrl\FocusListener.h">
      <Filter>Header Files</Filter>
    </ClInclude>
    <ClInclude Include="..\SndCtrl\com_getpcpanel_cpp_windows_SndCtrlNative.h">
      <Filter>Header Files</Filter>
    </ClInclude>
  </ItemGroup>
</Project>